// !$*UTF8*$!
{
	archiveVersion = 1;
	classes = {
	};
	objectVersion = 46;
	objects = {

/* Begin PBXBuildFile section */
		596F978D1EFBB92100D3BBF5 /* TestFramework.framework in Frameworks */ = {isa = PBXBuildFile; fileRef = 596F97831EFBB92100D3BBF5 /* TestFramework.framework */; };
		596F97921EFBB92100D3BBF5 /* TestFrameworkTests.m in Sources */ = {isa = PBXBuildFile; fileRef = 596F97911EFBB92100D3BBF5 /* TestFrameworkTests.m */; };
		596F97941EFBB92100D3BBF5 /* TestFramework.h in Headers */ = {isa = PBXBuildFile; fileRef = 596F97861EFBB92100D3BBF5 /* TestFramework.h */; settings = {ATTRIBUTES = (Public, ); }; };
		596F97B01EFBBFC500D3BBF5 /* CWProvinceModel.h in Headers */ = {isa = PBXBuildFile; fileRef = 596F97A21EFBB9B700D3BBF5 /* CWProvinceModel.h */; settings = {ATTRIBUTES = (Public, ); }; };
		596F97B21EFBC17500D3BBF5 /* libTest.a in Frameworks */ = {isa = PBXBuildFile; fileRef = 596F97A31EFBB9B700D3BBF5 /* libTest.a */; };
/* End PBXBuildFile section */

/* Begin PBXContainerItemProxy section */
		596F978E1EFBB92100D3BBF5 /* PBXContainerItemProxy */ = {
			isa = PBXContainerItemProxy;
			containerPortal = 596F977A1EFBB92100D3BBF5 /* Project object */;
			proxyType = 1;
			remoteGlobalIDString = 596F97821EFBB92100D3BBF5;
			remoteInfo = TestFramework;
		};
/* End PBXContainerItemProxy section */

/* Begin PBXFileReference section */
		596F97831EFBB92100D3BBF5 /* TestFramework.framework */ = {isa = PBXFileReference; explicitFileType = wrapper.framework; includeInIndex = 0; path = TestFramework.framework; sourceTree = BUILT_PRODUCTS_DIR; };
		596F97861EFBB92100D3BBF5 /* TestFramework.h */ = {isa = PBXFileReference; lastKnownFileType = sourcecode.c.h; path = TestFramework.h; sourceTree = "<group>"; };
		596F97871EFBB92100D3BBF5 /* Info.plist */ = {isa = PBXFileReference; lastKnownFileType = text.plist.xml; path = Info.plist; sourceTree = "<group>"; };
		596F978C1EFBB92100D3BBF5 /* TestFrameworkTests.xctest */ = {isa = PBXFileReference; explicitFileType = wrapper.cfbundle; includeInIndex = 0; path = TestFrameworkTests.xctest; sourceTree = BUILT_PRODUCTS_DIR; };
		596F97911EFBB92100D3BBF5 /* TestFrameworkTests.m */ = {isa = PBXFileReference; lastKnownFileType = sourcecode.c.objc; path = TestFrameworkTests.m; sourceTree = "<group>"; };
		596F97931EFBB92100D3BBF5 /* Info.plist */ = {isa = PBXFileReference; lastKnownFileType = text.plist.xml; path = Info.plist; sourceTree = "<group>"; };
		596F97A21EFBB9B700D3BBF5 /* CWProvinceModel.h */ = {isa = PBXFileReference; fileEncoding = 4; lastKnownFileType = sourcecode.c.h; path = CWProvinceModel.h; sourceTree = "<group>"; };
		596F97A31EFBB9B700D3BBF5 /* libTest.a */ = {isa = PBXFileReference; lastKnownFileType = archive.ar; path = libTest.a; sourceTree = "<group>"; };
/* End PBXFileReference section */

/* Begin PBXFrameworksBuildPhase section */
		596F977F1EFBB92100D3BBF5 /* Frameworks */ = {
			isa = PBXFrameworksBuildPhase;
			buildActionMask = 2147483647;
			files = (
				596F97B21EFBC17500D3BBF5 /* libTest.a in Frameworks */,
			);
			runOnlyForDeploymentPostprocessing = 0;
		};
		596F97891EFBB92100D3BBF5 /* Frameworks */ = {
			isa = PBXFrameworksBuildPhase;
			buildActionMask = 2147483647;
			files = (
				596F978D1EFBB92100D3BBF5 /* TestFramework.framework in Frameworks */,
			);
			runOnlyForDeploymentPostprocessing = 0;
		};
/* End PBXFrameworksBuildPhase section */

/* Begin PBXGroup section */
		596F97791EFBB92100D3BBF5 = {
			isa = PBXGroup;
			children = (
				596F97851EFBB92100D3BBF5 /* TestFramework */,
				596F97901EFBB92100D3BBF5 /* TestFrameworkTests */,
				596F97841EFBB92100D3BBF5 /* Products */,
			);
			sourceTree = "<group>";
		};
		596F97841EFBB92100D3BBF5 /* Products */ = {
			isa = PBXGroup;
			children = (
				596F97831EFBB92100D3BBF5 /* TestFramework.framework */,
				596F978C1EFBB92100D3BBF5 /* TestFrameworkTests.xctest */,
			);
			name = Products;
			sourceTree = "<group>";
		};
		596F97851EFBB92100D3BBF5 /* TestFramework */ = {
			isa = PBXGroup;
			children = (
				596F97A11EFBB9B700D3BBF5 /* File */,
				596F97861EFBB92100D3BBF5 /* TestFramework.h */,
				596F97871EFBB92100D3BBF5 /* Info.plist */,
			);
			path = TestFramework;
			sourceTree = "<group>";
		};
		596F97901EFBB92100D3BBF5 /* TestFrameworkTests */ = {
			isa = PBXGroup;
			children = (
				596F97911EFBB92100D3BBF5 /* TestFrameworkTests.m */,
				596F97931EFBB92100D3BBF5 /* Info.plist */,
			);
			path = TestFrameworkTests;
			sourceTree = "<group>";
		};
		596F97A11EFBB9B700D3BBF5 /* File */ = {
			isa = PBXGroup;
			children = (
				596F97A21EFBB9B700D3BBF5 /* CWProvinceModel.h */,
				596F97A31EFBB9B700D3BBF5 /* libTest.a */,
			);
			path = File;
			sourceTree = "<group>";
		};
/* End PBXGroup section */

/* Begin PBXHeadersBuildPhase section */
		596F97801EFBB92100D3BBF5 /* Headers */ = {
			isa = PBXHeadersBuildPhase;
			buildActionMask = 2147483647;
			files = (
				596F97941EFBB92100D3BBF5 /* TestFramework.h in Headers */,
				596F97B01EFBBFC500D3BBF5 /* CWProvinceModel.h in Headers */,
			);
			runOnlyForDeploymentPostprocessing = 0;
		};
/* End PBXHeadersBuildPhase section */

/* Begin PBXNativeTarget section */
		596F97821EFBB92100D3BBF5 /* TestFramework */ = {
			isa = PBXNativeTarget;
			buildConfigurationList = 596F97971EFBB92100D3BBF5 /* Build configuration list for PBXNativeTarget "TestFramework" */;
			buildPhases = (
				596F977E1EFBB92100D3BBF5 /* Sources */,
				596F977F1EFBB92100D3BBF5 /* Frameworks */,
				596F97801EFBB92100D3BBF5 /* Headers */,
				596F97811EFBB92100D3BBF5 /* Resources */,
			);
			buildRules = (
			);
			dependencies = (
			);
			name = TestFramework;
			productName = TestFramework;
			productReference = 596F97831EFBB92100D3BBF5 /* TestFramework.framework */;
			productType = "com.apple.product-type.framework";
		};
		596F978B1EFBB92100D3BBF5 /* TestFrameworkTests */ = {
			isa = PBXNativeTarget;
			buildConfigurationList = 596F979A1EFBB92100D3BBF5 /* Build configuration list for PBXNativeTarget "TestFrameworkTests" */;
			buildPhases = (
				596F97881EFBB92100D3BBF5 /* Sources */,
				596F97891EFBB92100D3BBF5 /* Frameworks */,
				596F978A1EFBB92100D3BBF5 /* Resources */,
			);
			buildRules = (
			);
			dependencies = (
				596F978F1EFBB92100D3BBF5 /* PBXTargetDependency */,
			);
			name = TestFrameworkTests;
			productName = TestFrameworkTests;
			productReference = 596F978C1EFBB92100D3BBF5 /* TestFrameworkTests.xctest */;
			productType = "com.apple.product-type.bundle.unit-test";
		};
/* End PBXNativeTarget section */

/* Begin PBXProject section */
		596F977A1EFBB92100D3BBF5 /* Project object */ = {
			isa = PBXProject;
			attributes = {
				LastUpgradeCheck = 0830;
				ORGANIZATIONNAME = cyan;
				TargetAttributes = {
					596F97821EFBB92100D3BBF5 = {
						CreatedOnToolsVersion = 8.3.2;
						DevelopmentTeam = KKS685E863;
						ProvisioningStyle = Automatic;
					};
					596F978B1EFBB92100D3BBF5 = {
						CreatedOnToolsVersion = 8.3.2;
						DevelopmentTeam = KKS685E863;
						ProvisioningStyle = Automatic;
					};
				};
			};
			buildConfigurationList = 596F977D1EFBB92100D3BBF5 /* Build configuration list for PBXProject "TestFramework" */;
			compatibilityVersion = "Xcode 3.2";
			developmentRegion = English;
			hasScannedForEncodings = 0;
			knownRegions = (
				en,
			);
			mainGroup = 596F97791EFBB92100D3BBF5;
			productRefGroup = 596F97841EFBB92100D3BBF5 /* Products */;
			projectDirPath = "";
			projectRoot = "";
			targets = (
				596F97821EFBB92100D3BBF5 /* TestFramework */,
				596F978B1EFBB92100D3BBF5 /* TestFrameworkTests */,
			);
		};
/* End PBXProject section */

/* Begin PBXResourcesBuildPhase section */
		596F97811EFBB92100D3BBF5 /* Resources */ = {
			isa = PBXResourcesBuildPhase;
			buildActionMask = 2147483647;
			files = (
			);
			runOnlyForDeploymentPostprocessing = 0;
		};
		596F978A1EFBB92100D3BBF5 /* Resources */ = {
			isa = PBXResourcesBuildPhase;
			buildActionMask = 2147483647;
			files = (
			);
			runOnlyForDeploymentPostprocessing = 0;
		};
/* End PBXResourcesBuildPhase section */

/* Begin PBXSourcesBuildPhase section */
		596F977E1EFBB92100D3BBF5 /* Sources */ = {
			isa = PBXSourcesBuildPhase;
			buildActionMask = 2147483647;
			files = (
			);
			runOnlyForDeploymentPostprocessing = 0;
		};
		596F97881EFBB92100D3BBF5 /* Sources */ = {
			isa = PBXSourcesBuildPhase;
			buildActionMask = 2147483647;
			files = (
				596F97921EFBB92100D3BBF5 /* TestFrameworkTests.m in Sources */,
			);
			runOnlyForDeploymentPostprocessing = 0;
		};
/* End PBXSourcesBuildPhase section */

/* Begin PBXTargetDependency section */
		596F978F1EFBB92100D3BBF5 /* PBXTargetDependency */ = {
			isa = PBXTargetDependency;
			target = 596F97821EFBB92100D3BBF5 /* TestFramework */;
			targetProxy = 596F978E1EFBB92100D3BBF5 /* PBXContainerItemProxy */;
		};
/* End PBXTargetDependency section */

/* Begin XCBuildConfiguration section */
		596F97951EFBB92100D3BBF5 /* Debug */ = {
			isa = XCBuildConfiguration;
			buildSettings = {
				ALWAYS_SEARCH_USER_PATHS = NO;
				CLANG_ANALYZER_NONNULL = YES;
				CLANG_ANALYZER_NUMBER_OBJECT_CONVERSION = YES_AGGRESSIVE;
				CLANG_CXX_LANGUAGE_STANDARD = "gnu++0x";
				CLANG_CXX_LIBRARY = "libc++";
				CLANG_ENABLE_MODULES = YES;
				CLANG_ENABLE_OBJC_ARC = YES;
				CLANG_WARN_BOOL_CONVERSION = YES;
				CLANG_WARN_CONSTANT_CONVERSION = YES;
				CLANG_WARN_DIRECT_OBJC_ISA_USAGE = YES_ERROR;
				CLANG_WARN_DOCUMENTATION_COMMENTS = YES;
				CLANG_WARN_EMPTY_BODY = YES;
				CLANG_WARN_ENUM_CONVERSION = YES;
				CLANG_WARN_INFINITE_RECURSION = YES;
				CLANG_WARN_INT_CONVERSION = YES;
				CLANG_WARN_OBJC_ROOT_CLASS = YES_ERROR;
				CLANG_WARN_SUSPICIOUS_MOVE = YES;
				CLANG_WARN_UNREACHABLE_CODE = YES;
				CLANG_WARN__DUPLICATE_METHOD_MATCH = YES;
				"CODE_SIGN_IDENTITY[sdk=iphoneos*]" = "iPhone Developer";
				COPY_PHASE_STRIP = NO;
				CURRENT_PROJECT_VERSION = 1;
				DEBUG_INFORMATION_FORMAT = dwarf;
				ENABLE_STRICT_OBJC_MSGSEND = YES;
				ENABLE_TESTABILITY = YES;
				GCC_C_LANGUAGE_STANDARD = gnu99;
				GCC_DYNAMIC_NO_PIC = NO;
				GCC_NO_COMMON_BLOCKS = YES;
				GCC_OPTIMIZATION_LEVEL = 0;
				GCC_PREPROCESSOR_DEFINITIONS = (
					"DEBUG=1",
					"$(inherited)",
				);
				GCC_WARN_64_TO_32_BIT_CONVERSION = YES;
				GCC_WARN_ABOUT_RETURN_TYPE = YES_ERROR;
				GCC_WARN_UNDECLARED_SELECTOR = YES;
				GCC_WARN_UNINITIALIZED_AUTOS = YES_AGGRESSIVE;
				GCC_WARN_UNUSED_FUNCTION = YES;
				GCC_WARN_UNUSED_VARIABLE = YES;
				IPHONEOS_DEPLOYMENT_TARGET = 10.3;
				MTL_ENABLE_DEBUG_INFO = YES;
				ONLY_ACTIVE_ARCH = YES;
				SDKROOT = iphoneos;
				TARGETED_DEVICE_FAMILY = "1,2";
				VERSIONING_SYSTEM = "apple-generic";
				VERSION_INFO_PREFIX = "";
			};
			name = Debug;
		};
		596F97961EFBB92100D3BBF5 /* Release */ = {
			isa = XCBuildConfiguration;
			buildSettings = {
				ALWAYS_SEARCH_USER_PATHS = NO;
				CLANG_ANALYZER_NONNULL = YES;
				CLANG_ANALYZER_NUMBER_OBJECT_CONVERSION = YES_AGGRESSIVE;
				CLANG_CXX_LANGUAGE_STANDARD = "gnu++0x";
				CLANG_CXX_LIBRARY = "libc++";
				CLANG_ENABLE_MODULES = YES;
				CLANG_ENABLE_OBJC_ARC = YES;
				CLANG_WARN_BOOL_CONVERSION = YES;
				CLANG_WARN_CONSTANT_CONVERSION = YES;
				CLANG_WARN_DIRECT_OBJC_ISA_USAGE = YES_ERROR;
				CLANG_WARN_DOCUMENTATION_COMMENTS = YES;
				CLANG_WARN_EMPTY_BODY = YES;
				CLANG_WARN_ENUM_CONVERSION = YES;
				CLANG_WARN_INFINITE_RECURSION = YES;
				CLANG_WARN_INT_CONVERSION = YES;
				CLANG_WARN_OBJC_ROOT_CLASS = YES_ERROR;
				CLANG_WARN_SUSPICIOUS_MOVE = YES;
				CLANG_WARN_UNREACHABLE_CODE = YES;
				CLANG_WARN__DUPLICATE_METHOD_MATCH = YES;
				"CODE_SIGN_IDENTITY[sdk=iphoneos*]" = "iPhone Developer";
				COPY_PHASE_STRIP = NO;
				CURRENT_PROJECT_VERSION = 1;
				DEBUG_INFORMATION_FORMAT = "dwarf-with-dsym";
				ENABLE_NS_ASSERTIONS = NO;
				ENABLE_STRICT_OBJC_MSGSEND = YES;
				GCC_C_LANGUAGE_STANDARD = gnu99;
				GCC_NO_COMMON_BLOCKS = YES;
				GCC_WARN_64_TO_32_BIT_CONVERSION = YES;
				GCC_WARN_ABOUT_RETURN_TYPE = YES_ERROR;
				GCC_WARN_UNDECLARED_SELECTOR = YES;
				GCC_WARN_UNINITIALIZED_AUTOS = YES_AGGRESSIVE;
				GCC_WARN_UNUSED_FUNCTION = YES;
				GCC_WARN_UNUSED_VARIABLE = YES;
				IPHONEOS_DEPLOYMENT_TARGET = 10.3;
				MTL_ENABLE_DEBUG_INFO = NO;
				SDKROOT = iphoneos;
				TARGETED_DEVICE_FAMILY = "1,2";
				VALIDATE_PRODUCT = YES;
				VERSIONING_SYSTEM = "apple-generic";
				VERSION_INFO_PREFIX = "";
			};
			name = Release;
		};
		596F97981EFBB92100D3BBF5 /* Debug */ = {
			isa = XCBuildConfiguration;
			buildSettings = {
				CODE_SIGN_IDENTITY = "";
				DEFINES_MODULE = YES;
				DEVELOPMENT_TEAM = KKS685E863;
				DYLIB_COMPATIBILITY_VERSION = 1;
				DYLIB_CURRENT_VERSION = 1;
				DYLIB_INSTALL_NAME_BASE = "@rpath";
				INFOPLIST_FILE = TestFramework/Info.plist;
				INSTALL_PATH = "$(LOCAL_LIBRARY_DIR)/Frameworks";
				LD_RUNPATH_SEARCH_PATHS = "$(inherited) @executable_path/Frameworks @loader_path/Frameworks";
				LIBRARY_SEARCH_PATHS = (
					"$(inherited)",
					"$(PROJECT_DIR)/TestFramework/File",
				);
				MACH_O_TYPE = staticlib;
				OTHER_LDFLAGS = "-ObjC";
				PRODUCT_BUNDLE_IDENTIFIER = cyanwang.TestFramework;
				PRODUCT_NAME = "$(TARGET_NAME)";
				SKIP_INSTALL = YES;
			};
			name = Debug;
		};
		596F97991EFBB92100D3BBF5 /* Release */ = {
			isa = XCBuildConfiguration;
			buildSettings = {
				CODE_SIGN_IDENTITY = "";
				DEFINES_MODULE = YES;
				DEVELOPMENT_TEAM = KKS685E863;
				DYLIB_COMPATIBILITY_VERSION = 1;
				DYLIB_CURRENT_VERSION = 1;
				DYLIB_INSTALL_NAME_BASE = "@rpath";
				INFOPLIST_FILE = TestFramework/Info.plist;
				INSTALL_PATH = "$(LOCAL_LIBRARY_DIR)/Frameworks";
				LD_RUNPATH_SEARCH_PATHS = "$(inherited) @executable_path/Frameworks @loader_path/Frameworks";
				LIBRARY_SEARCH_PATHS = (
					"$(inherited)",
					"$(PROJECT_DIR)/TestFramework/File",
				);
				MACH_O_TYPE = staticlib;
				OTHER_LDFLAGS = "-ObjC";
				PRODUCT_BUNDLE_IDENTIFIER = cyanwang.TestFramework;
				PRODUCT_NAME = "$(TARGET_NAME)";
				SKIP_INSTALL = YES;
			};
			name = Release;
		};
		596F979B1EFBB92100D3BBF5 /* Debug */ = {
			isa = XCBuildConfiguration;
			buildSettings = {
				DEVELOPMENT_TEAM = KKS685E863;
				INFOPLIST_FILE = TestFrameworkTests/Info.plist;
				LD_RUNPATH_SEARCH_PATHS = "$(inherited) @executable_path/Frameworks @loader_path/Frameworks";
				PRODUCT_BUNDLE_IDENTIFIER = cyanwang.TestFrameworkTests;
				PRODUCT_NAME = "$(TARGET_NAME)";
			};
			name = Debug;
		};
		596F979C1EFBB92100D3BBF5 /* Release */ = {
			isa = XCBuildConfiguration;
			buildSettings = {
				DEVELOPMENT_TEAM = KKS685E863;
				INFOPLIST_FILE = TestFrameworkTests/Info.plist;
				LD_RUNPATH_SEARCH_PATHS = "$(inherited) @executable_path/Frameworks @loader_path/Frameworks";
				PRODUCT_BUNDLE_IDENTIFIER = cyanwang.TestFrameworkTests;
				PRODUCT_NAME = "$(TARGET_NAME)";
			};
			name = Release;
		};
/* End XCBuildConfiguration section */

/* Begin XCConfigurationList section */
		596F977D1EFBB92100D3BBF5 /* Build configuration list for PBXProject "TestFramework" */ = {
			isa = XCConfigurationList;
			buildConfigurations = (
				596F97951EFBB92100D3BBF5 /* Debug */,
				596F97961EFBB92100D3BBF5 /* Release */,
			);
			defaultConfigurationIsVisible = 0;
			defaultConfigurationName = Release;
		};
		596F97971EFBB92100D3BBF5 /* Build configuration list for PBXNativeTarget "TestFramework" */ = {
			isa = XCConfigurationList;
			buildConfigurations = (
				596F97981EFBB92100D3BBF5 /* Debug */,
				596F97991EFBB92100D3BBF5 /* Release */,
			);
			defaultConfigurationIsVisible = 0;
		};
		596F979A1EFBB92100D3BBF5 /* Build configuration list for PBXNativeTarget "TestFrameworkTests" */ = {
			isa = XCConfigurationList;
			buildConfigurations = (
				596F979B1EFBB92100D3BBF5 /* Debug */,
				596F979C1EFBB92100D3BBF5 /* Release */,
			);
			defaultConfigurationIsVisible = 0;
		};
/* End XCConfigurationList section */
	};
	rootObject = 596F977A1EFBB92100D3BBF5 /* Project object */;
}
